
Microsoft Visual Studio Solution File, Format Version 12.00
# Visual Studio Version 17
VisualStudioVersion = 17.9.34622.214
MinimumVisualStudioVersion = 10.0.40219.1
Project("{FAE04EC0-301F-11D3-BF4B-00C04F79EFBC}") = "Otamasyon", "Otamasyon\Otamasyon.csproj", "{BE011A25-BCDE-4D99-9658-C49AFF96529E}"
EndProject
Global
	GlobalSection(SolutionConfigurationPlatforms) = preSolution
		Debug|Any CPU = Debug|Any CPU
		Release|Any CPU = Release|Any CPU
	EndGlobalSection
	GlobalSection(ProjectConfigurationPlatforms) = postSolution
		{BE011A25-BCDE-4D99-9658-C49AFF96529E}.Debug|Any CPU.ActiveCfg = Debug|Any CPU
		{BE011A25-BCDE-4D99-9658-C49AFF96529E}.Debug|Any CPU.Build.0 = Debug|Any CPU
		{BE011A25-BCDE-4D99-9658-C49AFF96529E}.Release|Any CPU.ActiveCfg = Release|Any CPU
		{BE011A25-BCDE-4D99-9658-C49AFF96529E}.Release|Any CPU.Build.0 = Release|Any CPU
	EndGlobalSection
	GlobalSection(SolutionProperties) = preSolution
		HideSolutionNode = FALSE
	EndGlobalSection
	GlobalSection(ExtensibilityGlobals) = postSolution
		SolutionGuid = {C418BE69-314C-4FB3-9BC3-4FBD79C94384}
	EndGlobalSection
EndGlobal
